
Microsoft Visual Studio Solution File, Format Version 12.00
# Visual Studio Version 17
VisualStudioVersion = 17.11.35327.3
MinimumVisualStudioVersion = 10.0.40219.1
Project("{FAE04EC0-301F-11D3-BF4B-00C04F79EFBC}") = "00_intro", "00_intro\00_intro.csproj", "{442DB803-297B-4943-A0C0-D0DDF2BD0FE8}"
EndProject
Global
	GlobalSection(SolutionConfigurationPlatforms) = preSolution
		Debug|Any CPU = Debug|Any CPU
		Release|Any CPU = Release|Any CPU
	EndGlobalSection
	GlobalSection(ProjectConfigurationPlatforms) = postSolution
		{442DB803-297B-4943-A0C0-D0DDF2BD0FE8}.Debug|Any CPU.ActiveCfg = Debug|Any CPU
		{442DB803-297B-4943-A0C0-D0DDF2BD0FE8}.Debug|Any CPU.Build.0 = Debug|Any CPU
		{442DB803-297B-4943-A0C0-D0DDF2BD0FE8}.Release|Any CPU.ActiveCfg = Release|Any CPU
		{442DB803-297B-4943-A0C0-D0DDF2BD0FE8}.Release|Any CPU.Build.0 = Release|Any CPU
	EndGlobalSection
	GlobalSection(SolutionProperties) = preSolution
		HideSolutionNode = FALSE
	EndGlobalSection
	GlobalSection(ExtensibilityGlobals) = postSolution
		SolutionGuid = {897B59CD-E857-47DC-A392-B58822031398}
	EndGlobalSection
EndGlobal
